
Microsoft Visual Studio Solution File, Format Version 12.00
# Visual Studio Version 17
VisualStudioVersion = 17.5.33530.505
MinimumVisualStudioVersion = 10.0.40219.1
Project("{FAE04EC0-301F-11D3-BF4B-00C04F79EFBC}") = "TextFinder", "TextFinder\TextFinder.csproj", "{9910D714-EC6F-4421-854D-894DCDEC5667}"
EndProject
Global
	GlobalSection(SolutionConfigurationPlatforms) = preSolution
		Debug|Any CPU = Debug|Any CPU
		Release|Any CPU = Release|Any CPU
	EndGlobalSection
	GlobalSection(ProjectConfigurationPlatforms) = postSolution
		{9910D714-EC6F-4421-854D-894DCDEC5667}.Debug|Any CPU.ActiveCfg = Debug|Any CPU
		{9910D714-EC6F-4421-854D-894DCDEC5667}.Debug|Any CPU.Build.0 = Debug|Any CPU
		{9910D714-EC6F-4421-854D-894DCDEC5667}.Release|Any CPU.ActiveCfg = Release|Any CPU
		{9910D714-EC6F-4421-854D-894DCDEC5667}.Release|Any CPU.Build.0 = Release|Any CPU
	EndGlobalSection
	GlobalSection(SolutionProperties) = preSolution
		HideSolutionNode = FALSE
	EndGlobalSection
	GlobalSection(ExtensibilityGlobals) = postSolution
		SolutionGuid = {8D46345B-A393-4FEA-8585-9F273EA8F912}
	EndGlobalSection
EndGlobal
